
Microsoft Visual Studio Solution File, Format Version 12.00
# Visual Studio Version 17
VisualStudioVersion = 17.14.36310.24 d17.14
MinimumVisualStudioVersion = 10.0.40219.1
Project("{FAE04EC0-301F-11D3-BF4B-00C04F79EFBC}") = "ListaEnlazadaSimple", "ListaEnlazadaSimple\ListaEnlazadaSimple.csproj", "{0C282E68-43AF-4D3A-BC6A-C5E39DE4B8E2}"
EndProject
Global
	GlobalSection(SolutionConfigurationPlatforms) = preSolution
		Debug|Any CPU = Debug|Any CPU
		Release|Any CPU = Release|Any CPU
	EndGlobalSection
	GlobalSection(ProjectConfigurationPlatforms) = postSolution
		{0C282E68-43AF-4D3A-BC6A-C5E39DE4B8E2}.Debug|Any CPU.ActiveCfg = Debug|Any CPU
		{0C282E68-43AF-4D3A-BC6A-C5E39DE4B8E2}.Debug|Any CPU.Build.0 = Debug|Any CPU
		{0C282E68-43AF-4D3A-BC6A-C5E39DE4B8E2}.Release|Any CPU.ActiveCfg = Release|Any CPU
		{0C282E68-43AF-4D3A-BC6A-C5E39DE4B8E2}.Release|Any CPU.Build.0 = Release|Any CPU
	EndGlobalSection
	GlobalSection(SolutionProperties) = preSolution
		HideSolutionNode = FALSE
	EndGlobalSection
	GlobalSection(ExtensibilityGlobals) = postSolution
		SolutionGuid = {BB6A1D3A-0BC1-438A-91A1-DDEEED9CA052}
	EndGlobalSection
EndGlobal
